# This file is automatically @generated by Cargo.
# It is not intended for manual editing.
version = 4

[[package]]
name = "bitnuc"
version = "0.2.10"
source = "registry+https://github.com/rust-lang/crates.io-index"
checksum = "8120e6943df8ab4208e5aa9e0f5834330f18b692a747a35e503f83a47a9ef9b5"

[[package]]
name = "temp_deps"
version = "0.1.0"
dependencies = [
 "bitnuc",
]
